
Microsoft Visual Studio Solution File, Format Version 12.00
# Visual Studio Version 17
VisualStudioVersion = 17.7.34202.233
MinimumVisualStudioVersion = 10.0.40219.1
Project("{FAE04EC0-301F-11D3-BF4B-00C04F79EFBC}") = "SQLiteApp", "SQLiteApp\SQLiteApp.csproj", "{426C6458-1049-4AA1-B858-D33E61258811}"
EndProject
Global
	GlobalSection(SolutionConfigurationPlatforms) = preSolution
		Debug|Any CPU = Debug|Any CPU
		Release|Any CPU = Release|Any CPU
	EndGlobalSection
	GlobalSection(ProjectConfigurationPlatforms) = postSolution
		{426C6458-1049-4AA1-B858-D33E61258811}.Debug|Any CPU.ActiveCfg = Debug|Any CPU
		{426C6458-1049-4AA1-B858-D33E61258811}.Debug|Any CPU.Build.0 = Debug|Any CPU
		{426C6458-1049-4AA1-B858-D33E61258811}.Release|Any CPU.ActiveCfg = Release|Any CPU
		{426C6458-1049-4AA1-B858-D33E61258811}.Release|Any CPU.Build.0 = Release|Any CPU
	EndGlobalSection
	GlobalSection(SolutionProperties) = preSolution
		HideSolutionNode = FALSE
	EndGlobalSection
	GlobalSection(ExtensibilityGlobals) = postSolution
		SolutionGuid = {5D048765-0599-46D7-B816-13963D8D68BF}
	EndGlobalSection
EndGlobal
